
Microsoft Visual Studio Solution File, Format Version 12.00
# Visual Studio Version 16
VisualStudioVersion = 16.0.30907.101
MinimumVisualStudioVersion = 10.0.40219.1
Project("{8BC9CEB8-8B4A-11D0-8D11-00A0C91BC942}") = "OperationsCalculatorOOP", "OperationsCalculatorOOP\OperationsCalculatorOOP.vcxproj", "{8B594547-9582-4AD1-AB72-A58DBB8FC9AF}"
EndProject
Project("{8BC9CEB8-8B4A-11D0-8D11-00A0C91BC942}") = "CalculationsTests", "CalculationsTests\CalculationsTests.vcxproj", "{D211AF0D-6269-4993-B45F-7801EA01C569}"
EndProject
Project("{8BC9CEB8-8B4A-11D0-8D11-00A0C91BC942}") = "StaticLibTests", "StaticLibTests\StaticLibTests.vcxproj", "{848852C4-5EBF-4FB5-8B40-0187A31B9122}"
EndProject
Global
	GlobalSection(SolutionConfigurationPlatforms) = preSolution
		Debug|x64 = Debug|x64
		Debug|x86 = Debug|x86
		Release|x64 = Release|x64
		Release|x86 = Release|x86
	EndGlobalSection
	GlobalSection(ProjectConfigurationPlatforms) = postSolution
		{8B594547-9582-4AD1-AB72-A58DBB8FC9AF}.Debug|x64.ActiveCfg = Debug|x64
		{8B594547-9582-4AD1-AB72-A58DBB8FC9AF}.Debug|x64.Build.0 = Debug|x64
		{8B594547-9582-4AD1-AB72-A58DBB8FC9AF}.Debug|x86.ActiveCfg = Debug|Win32
		{8B594547-9582-4AD1-AB72-A58DBB8FC9AF}.Debug|x86.Build.0 = Debug|Win32
		{8B594547-9582-4AD1-AB72-A58DBB8FC9AF}.Release|x64.ActiveCfg = Release|x64
		{8B594547-9582-4AD1-AB72-A58DBB8FC9AF}.Release|x64.Build.0 = Release|x64
		{8B594547-9582-4AD1-AB72-A58DBB8FC9AF}.Release|x86.ActiveCfg = Release|Win32
		{8B594547-9582-4AD1-AB72-A58DBB8FC9AF}.Release|x86.Build.0 = Release|Win32
		{D211AF0D-6269-4993-B45F-7801EA01C569}.Debug|x64.ActiveCfg = Debug|x64
		{D211AF0D-6269-4993-B45F-7801EA01C569}.Debug|x64.Build.0 = Debug|x64
		{D211AF0D-6269-4993-B45F-7801EA01C569}.Debug|x86.ActiveCfg = Debug|Win32
		{D211AF0D-6269-4993-B45F-7801EA01C569}.Debug|x86.Build.0 = Debug|Win32
		{D211AF0D-6269-4993-B45F-7801EA01C569}.Release|x64.ActiveCfg = Release|x64
		{D211AF0D-6269-4993-B45F-7801EA01C569}.Release|x64.Build.0 = Release|x64
		{D211AF0D-6269-4993-B45F-7801EA01C569}.Release|x86.ActiveCfg = Release|Win32
		{D211AF0D-6269-4993-B45F-7801EA01C569}.Release|x86.Build.0 = Release|Win32
		{848852C4-5EBF-4FB5-8B40-0187A31B9122}.Debug|x64.ActiveCfg = Debug|x64
		{848852C4-5EBF-4FB5-8B40-0187A31B9122}.Debug|x64.Build.0 = Debug|x64
		{848852C4-5EBF-4FB5-8B40-0187A31B9122}.Debug|x86.ActiveCfg = Debug|Win32
		{848852C4-5EBF-4FB5-8B40-0187A31B9122}.Debug|x86.Build.0 = Debug|Win32
		{848852C4-5EBF-4FB5-8B40-0187A31B9122}.Release|x64.ActiveCfg = Release|x64
		{848852C4-5EBF-4FB5-8B40-0187A31B9122}.Release|x64.Build.0 = Release|x64
		{848852C4-5EBF-4FB5-8B40-0187A31B9122}.Release|x86.ActiveCfg = Release|Win32
		{848852C4-5EBF-4FB5-8B40-0187A31B9122}.Release|x86.Build.0 = Release|Win32
	EndGlobalSection
	GlobalSection(SolutionProperties) = preSolution
		HideSolutionNode = FALSE
	EndGlobalSection
	GlobalSection(ExtensibilityGlobals) = postSolution
		SolutionGuid = {1B16663E-46CD-4184-82A7-49E17B3182B2}
	EndGlobalSection
EndGlobal
